
Microsoft Visual Studio Solution File, Format Version 12.00
# Visual Studio Version 17
VisualStudioVersion = 17.14.36301.6 d17.14
MinimumVisualStudioVersion = 10.0.40219.1
Project("{FAE04EC0-301F-11D3-BF4B-00C04F79EFBC}") = "SalesPoint", "SalesPoint\SalesPoint.csproj", "{5F56AC60-8B6B-4F61-B740-962E53BBE2CD}"
EndProject
Global
	GlobalSection(SolutionConfigurationPlatforms) = preSolution
		Debug|Any CPU = Debug|Any CPU
		Release|Any CPU = Release|Any CPU
	EndGlobalSection
	GlobalSection(ProjectConfigurationPlatforms) = postSolution
		{5F56AC60-8B6B-4F61-B740-962E53BBE2CD}.Debug|Any CPU.ActiveCfg = Debug|Any CPU
		{5F56AC60-8B6B-4F61-B740-962E53BBE2CD}.Debug|Any CPU.Build.0 = Debug|Any CPU
		{5F56AC60-8B6B-4F61-B740-962E53BBE2CD}.Release|Any CPU.ActiveCfg = Release|Any CPU
		{5F56AC60-8B6B-4F61-B740-962E53BBE2CD}.Release|Any CPU.Build.0 = Release|Any CPU
	EndGlobalSection
	GlobalSection(SolutionProperties) = preSolution
		HideSolutionNode = FALSE
	EndGlobalSection
	GlobalSection(ExtensibilityGlobals) = postSolution
		SolutionGuid = {E2123948-9FB5-4113-B208-D428F8C2C51E}
	EndGlobalSection
EndGlobal
